
Microsoft Visual Studio Solution File, Format Version 12.00
# Visual Studio Version 16
VisualStudioVersion = 25.0.1705.4
MinimumVisualStudioVersion = 10.0.40219.1
Project("{FAE04EC0-301F-11D3-BF4B-00C04F79EFBC}") = "GestionTienda", "GestionTienda\GestionTienda.csproj", "{8CB06932-2260-4AF5-ADA7-636718E06224}"
EndProject
Global
	GlobalSection(SolutionConfigurationPlatforms) = preSolution
		Debug|Any CPU = Debug|Any CPU
		Release|Any CPU = Release|Any CPU
	EndGlobalSection
	GlobalSection(ProjectConfigurationPlatforms) = postSolution
		{8CB06932-2260-4AF5-ADA7-636718E06224}.Debug|Any CPU.ActiveCfg = Debug|Any CPU
		{8CB06932-2260-4AF5-ADA7-636718E06224}.Debug|Any CPU.Build.0 = Debug|Any CPU
		{8CB06932-2260-4AF5-ADA7-636718E06224}.Release|Any CPU.ActiveCfg = Release|Any CPU
		{8CB06932-2260-4AF5-ADA7-636718E06224}.Release|Any CPU.Build.0 = Release|Any CPU
	EndGlobalSection
	GlobalSection(SolutionProperties) = preSolution
		HideSolutionNode = FALSE
	EndGlobalSection
	GlobalSection(ExtensibilityGlobals) = postSolution
		SolutionGuid = {4ECB59BB-69E5-406E-9F15-4955F5D927A5}
	EndGlobalSection
EndGlobal
